
Microsoft Visual Studio Solution File, Format Version 12.00
# Visual Studio Version 16
VisualStudioVersion = 16.0.29519.87
MinimumVisualStudioVersion = 10.0.40219.1
Project("{FAE04EC0-301F-11D3-BF4B-00C04F79EFBC}") = "FactoryCalculator", "FactoryCalculator\FactoryCalculator.csproj", "{608EA922-EEA0-42A7-883E-4332B4495EFC}"
EndProject
Global
	GlobalSection(SolutionConfigurationPlatforms) = preSolution
		Debug|Any CPU = Debug|Any CPU
		Release|Any CPU = Release|Any CPU
	EndGlobalSection
	GlobalSection(ProjectConfigurationPlatforms) = postSolution
		{608EA922-EEA0-42A7-883E-4332B4495EFC}.Debug|Any CPU.ActiveCfg = Debug|Any CPU
		{608EA922-EEA0-42A7-883E-4332B4495EFC}.Debug|Any CPU.Build.0 = Debug|Any CPU
		{608EA922-EEA0-42A7-883E-4332B4495EFC}.Release|Any CPU.ActiveCfg = Release|Any CPU
		{608EA922-EEA0-42A7-883E-4332B4495EFC}.Release|Any CPU.Build.0 = Release|Any CPU
	EndGlobalSection
	GlobalSection(SolutionProperties) = preSolution
		HideSolutionNode = FALSE
	EndGlobalSection
	GlobalSection(ExtensibilityGlobals) = postSolution
		SolutionGuid = {D7A17EEB-2FC6-41AB-9868-C1303FED4FDE}
	EndGlobalSection
EndGlobal
